# This file is autogenerated, do not edit; changes may be undone by the next 'dep ensure'.


[[projects]]
  name = "github.com/opencontainers/runtime-spec"
  packages = ["specs-go"]
  revision = "02137cd4e50b37a01665e1731fcd4ac2d2178230"
  version = "v1.0.0"

[solve-meta]
  analyzer-name = "dep"
  analyzer-version = 1
  inputs-digest = "3358f1b630ceb0f1b4bbf58f74050271e588cec00474d5b8dd694d957133e4c9"
  solver-name = "gps-cdcl"
  solver-version = 1
